
Microsoft Visual Studio Solution File, Format Version 12.00
# Visual Studio Version 17
VisualStudioVersion = 17.2.32630.192
MinimumVisualStudioVersion = 10.0.40219.1
Project("{9A19103F-16F7-4668-BE54-9A1E7A4F7556}") = "Login", "helloWorld\Login.csproj", "{DB19DD09-8FB9-4C29-994C-EC4DFFFBC921}"
EndProject
Global
	GlobalSection(SolutionConfigurationPlatforms) = preSolution
		Debug|Any CPU = Debug|Any CPU
		Release|Any CPU = Release|Any CPU
	EndGlobalSection
	GlobalSection(ProjectConfigurationPlatforms) = postSolution
		{DB19DD09-8FB9-4C29-994C-EC4DFFFBC921}.Debug|Any CPU.ActiveCfg = Debug|Any CPU
		{DB19DD09-8FB9-4C29-994C-EC4DFFFBC921}.Debug|Any CPU.Build.0 = Debug|Any CPU
		{DB19DD09-8FB9-4C29-994C-EC4DFFFBC921}.Release|Any CPU.ActiveCfg = Release|Any CPU
		{DB19DD09-8FB9-4C29-994C-EC4DFFFBC921}.Release|Any CPU.Build.0 = Release|Any CPU
	EndGlobalSection
	GlobalSection(SolutionProperties) = preSolution
		HideSolutionNode = FALSE
	EndGlobalSection
	GlobalSection(ExtensibilityGlobals) = postSolution
		SolutionGuid = {B8D3F309-7D99-4E17-8BFF-22126862742A}
	EndGlobalSection
EndGlobal
